
Microsoft Visual Studio Solution File, Format Version 12.00
# Visual Studio Version 17
VisualStudioVersion = 17.14.37012.4 d17.14
MinimumVisualStudioVersion = 10.0.40219.1
Project("{8BC9CEB8-8B4A-11D0-8D11-00A0C91BC942}") = "Formato_csv", "Formato_csv.vcxproj", "{13A02175-FFBE-7743-39EA-679D85C660CA}"
EndProject
Global
	GlobalSection(SolutionConfigurationPlatforms) = preSolution
		Debug|x64 = Debug|x64
		Debug|x86 = Debug|x86
		Release|x64 = Release|x64
		Release|x86 = Release|x86
	EndGlobalSection
	GlobalSection(ProjectConfigurationPlatforms) = postSolution
		{13A02175-FFBE-7743-39EA-679D85C660CA}.Debug|x64.ActiveCfg = Debug|x64
		{13A02175-FFBE-7743-39EA-679D85C660CA}.Debug|x64.Build.0 = Debug|x64
		{13A02175-FFBE-7743-39EA-679D85C660CA}.Debug|x86.ActiveCfg = Debug|Win32
		{13A02175-FFBE-7743-39EA-679D85C660CA}.Debug|x86.Build.0 = Debug|Win32
		{13A02175-FFBE-7743-39EA-679D85C660CA}.Release|x64.ActiveCfg = Release|x64
		{13A02175-FFBE-7743-39EA-679D85C660CA}.Release|x64.Build.0 = Release|x64
		{13A02175-FFBE-7743-39EA-679D85C660CA}.Release|x86.ActiveCfg = Release|Win32
		{13A02175-FFBE-7743-39EA-679D85C660CA}.Release|x86.Build.0 = Release|Win32
	EndGlobalSection
	GlobalSection(SolutionProperties) = preSolution
		HideSolutionNode = FALSE
	EndGlobalSection
	GlobalSection(ExtensibilityGlobals) = postSolution
		SolutionGuid = {DA830A42-D62F-441A-B94B-087B30B9078C}
	EndGlobalSection
EndGlobal
